
Microsoft Visual Studio Solution File, Format Version 12.00
Project("{FAE04EC0-301F-11D3-BF4B-00C04F79EFBC}") = "FuncTesting", "FuncTesting\FuncTesting.csproj", "{D6CF2016-DE99-40F6-B731-6688B58BD91E}"
EndProject
Project("{F2A71F9B-5D33-465A-A702-920D77279786}") = "TestFSharp", "TestFSharp\TestFSharp.fsproj", "{1A79ABD1-04A2-47B3-8BAC-34483C2CCD70}"
EndProject
Global
	GlobalSection(SolutionConfigurationPlatforms) = preSolution
		Debug|Any CPU = Debug|Any CPU
		Release|Any CPU = Release|Any CPU
	EndGlobalSection
	GlobalSection(ProjectConfigurationPlatforms) = postSolution
		{D6CF2016-DE99-40F6-B731-6688B58BD91E}.Debug|Any CPU.ActiveCfg = Debug|Any CPU
		{D6CF2016-DE99-40F6-B731-6688B58BD91E}.Debug|Any CPU.Build.0 = Debug|Any CPU
		{D6CF2016-DE99-40F6-B731-6688B58BD91E}.Release|Any CPU.ActiveCfg = Release|Any CPU
		{D6CF2016-DE99-40F6-B731-6688B58BD91E}.Release|Any CPU.Build.0 = Release|Any CPU
		{1A79ABD1-04A2-47B3-8BAC-34483C2CCD70}.Debug|Any CPU.ActiveCfg = Debug|Any CPU
		{1A79ABD1-04A2-47B3-8BAC-34483C2CCD70}.Debug|Any CPU.Build.0 = Debug|Any CPU
		{1A79ABD1-04A2-47B3-8BAC-34483C2CCD70}.Release|Any CPU.ActiveCfg = Release|Any CPU
		{1A79ABD1-04A2-47B3-8BAC-34483C2CCD70}.Release|Any CPU.Build.0 = Release|Any CPU
	EndGlobalSection
EndGlobal
